{
  "version": 4,
  "terraform_version": "1.13.4",
  "serial": 1,
  "lineage": "53c7c52d-e9e2-d423-a167-11ceae5ecc32",
  "outputs": {},
  "resources": [
    {
      "mode": "data",
      "type": "aws_caller_identity",
      "name": "myaccount",
      "provider": "provider[\"registry.terraform.io/hashicorp/aws\"]",
      "instances": [
        {
          "schema_version": 0,
          "attributes": {
            "account_id": "942905645858",
            "arn": "arn:aws:iam::942905645858:user/terraform",
            "id": "942905645858",
            "user_id": "AIDA5XCMOLMRGH7JKLURM"
          },
          "sensitive_attributes": [],
          "identity_schema_version": 0
        }
      ]
    },
    {
      "mode": "managed",
      "type": "aws_iam_user",
      "name": "adminuser",
      "provider": "provider[\"registry.terraform.io/hashicorp/aws\"]",
      "instances": [
        {
          "schema_version": 0,
          "attributes": {
            "arn": "arn:aws:iam::942905645858:user/admin-user-942905645858",
            "force_destroy": false,
            "id": "admin-user-942905645858",
            "name": "admin-user-942905645858",
            "path": "/",
            "permissions_boundary": "",
            "tags": {
              "ImportanTag": "managed-via-terraform"
            },
            "tags_all": {
              "ImportanTag": "managed-via-terraform"
            },
            "unique_id": "AIDA5XCMOLMRIZAIXEEE7"
          },
          "sensitive_attributes": [],
          "identity_schema_version": 0,
          "private": "bnVsbA==",
          "dependencies": [
            "data.aws_caller_identity.myaccount"
          ]
        }
      ]
    }
  ],
  "check_results": null
}
